
Microsoft Visual Studio Solution File, Format Version 12.00
# Visual Studio Version 17
VisualStudioVersion = 17.14.36401.2 d17.14
MinimumVisualStudioVersion = 10.0.40219.1
Project("{FAE04EC0-301F-11D3-BF4B-00C04F79EFBC}") = "Server", "Server\Server.csproj", "{6899845F-6601-48A1-97FA-402AA6F5A920}"
EndProject
Project("{FAE04EC0-301F-11D3-BF4B-00C04F79EFBC}") = "Domain", "Domain\Domain.csproj", "{290F000A-2187-4495-90CF-7D7478537AF7}"
EndProject
Project("{FAE04EC0-301F-11D3-BF4B-00C04F79EFBC}") = "Data", "Data\Data.csproj", "{65BD8002-E5D5-4333-8105-B4493DC2E8F6}"
EndProject
Global
	GlobalSection(SolutionConfigurationPlatforms) = preSolution
		Debug|Any CPU = Debug|Any CPU
		Release|Any CPU = Release|Any CPU
	EndGlobalSection
	GlobalSection(ProjectConfigurationPlatforms) = postSolution
		{6899845F-6601-48A1-97FA-402AA6F5A920}.Debug|Any CPU.ActiveCfg = Debug|Any CPU
		{6899845F-6601-48A1-97FA-402AA6F5A920}.Debug|Any CPU.Build.0 = Debug|Any CPU
		{6899845F-6601-48A1-97FA-402AA6F5A920}.Release|Any CPU.ActiveCfg = Release|Any CPU
		{6899845F-6601-48A1-97FA-402AA6F5A920}.Release|Any CPU.Build.0 = Release|Any CPU
		{290F000A-2187-4495-90CF-7D7478537AF7}.Debug|Any CPU.ActiveCfg = Debug|Any CPU
		{290F000A-2187-4495-90CF-7D7478537AF7}.Debug|Any CPU.Build.0 = Debug|Any CPU
		{290F000A-2187-4495-90CF-7D7478537AF7}.Release|Any CPU.ActiveCfg = Release|Any CPU
		{290F000A-2187-4495-90CF-7D7478537AF7}.Release|Any CPU.Build.0 = Release|Any CPU
		{65BD8002-E5D5-4333-8105-B4493DC2E8F6}.Debug|Any CPU.ActiveCfg = Debug|Any CPU
		{65BD8002-E5D5-4333-8105-B4493DC2E8F6}.Debug|Any CPU.Build.0 = Debug|Any CPU
		{65BD8002-E5D5-4333-8105-B4493DC2E8F6}.Release|Any CPU.ActiveCfg = Release|Any CPU
		{65BD8002-E5D5-4333-8105-B4493DC2E8F6}.Release|Any CPU.Build.0 = Release|Any CPU
	EndGlobalSection
	GlobalSection(SolutionProperties) = preSolution
		HideSolutionNode = FALSE
	EndGlobalSection
	GlobalSection(ExtensibilityGlobals) = postSolution
		SolutionGuid = {8FD79097-9CF8-4048-83A7-48542F54EBEA}
	EndGlobalSection
EndGlobal
